
Microsoft Visual Studio Solution File, Format Version 11.00
# Visual Studio 2010
Project("{FAE04EC0-301F-11D3-BF4B-00C04F79EFBC}") = "EventAggregationExplore", "EventAggregationExplore\EventAggregationExplore.csproj", "{AB1F30FA-3D2B-46B9-A879-1AE2A2B2F0C9}"
EndProject
Project("{FAE04EC0-301F-11D3-BF4B-00C04F79EFBC}") = "DynamicToolBoxExplore", "DynamicToolBoxExplore\DynamicToolBoxExplore.csproj", "{9AB8234D-C013-48C9-9A0A-BB6ADA421435}"
EndProject
Project("{FAE04EC0-301F-11D3-BF4B-00C04F79EFBC}") = "DynamicToolBoxExploreTests", "DynamicToolBoxExploreTests\DynamicToolBoxExploreTests.csproj", "{3E7CB10E-9CD4-4832-A67C-199173E9B580}"
EndProject
Project("{2150E333-8FDC-42A3-9474-1A3956D46DE8}") = "Solution Items", "Solution Items", "{0D65208C-2BF4-4D9C-98F9-B99ABEC68A86}"
	ProjectSection(SolutionItems) = preProject
		Local.testsettings = Local.testsettings
		PrismExplore.vsmdi = PrismExplore.vsmdi
		TraceAndTestImpact.testsettings = TraceAndTestImpact.testsettings
	EndProjectSection
EndProject
Project("{FAE04EC0-301F-11D3-BF4B-00C04F79EFBC}") = "MessengerExpore", "MessengerExpore\MessengerExpore.csproj", "{347D2B8C-F3CC-4A62-BA4B-C4144A1E4295}"
EndProject
Project("{2150E333-8FDC-42A3-9474-1A3956D46DE8}") = "MessengerExplore", "MessengerExplore", "{FBD18135-C80B-48EC-AD78-432D7417EA2A}"
EndProject
Project("{FAE04EC0-301F-11D3-BF4B-00C04F79EFBC}") = "MessengerControlPanel", "MessengerControlPanel\MessengerControlPanel.csproj", "{0C0F05C3-755F-419E-A938-2D51FC2A2731}"
EndProject
Project("{FAE04EC0-301F-11D3-BF4B-00C04F79EFBC}") = "MessengerViewer", "MessengerViewer\MessengerViewer.csproj", "{6B584DEE-CBD1-45C2-9A01-81DB4C7A5B2A}"
EndProject
Project("{FAE04EC0-301F-11D3-BF4B-00C04F79EFBC}") = "MessengerChannel", "MessengerChannel\MessengerChannel.csproj", "{985D702A-47BA-4319-B7CB-6DCE971CADBE}"
EndProject
Project("{FAE04EC0-301F-11D3-BF4B-00C04F79EFBC}") = "PrerequisiteImportExplore", "PrerequisiteImportExplore\PrerequisiteImportExplore.csproj", "{3BEF9DCC-C4AE-41EB-9590-96AA96CD3269}"
EndProject
Project("{FAE04EC0-301F-11D3-BF4B-00C04F79EFBC}") = "MultiInstanceImportExplore", "MultiInstanceImportExplore\MultiInstanceImportExplore.csproj", "{2D3C3E2C-2CBA-4449-819D-97EB86CE732D}"
EndProject
Global
	GlobalSection(TestCaseManagementSettings) = postSolution
		CategoryFile = PrismExplore.vsmdi
	EndGlobalSection
	GlobalSection(SolutionConfigurationPlatforms) = preSolution
		Debug|Any CPU = Debug|Any CPU
		Debug|Mixed Platforms = Debug|Mixed Platforms
		Debug|x86 = Debug|x86
		Release|Any CPU = Release|Any CPU
		Release|Mixed Platforms = Release|Mixed Platforms
		Release|x86 = Release|x86
	EndGlobalSection
	GlobalSection(ProjectConfigurationPlatforms) = postSolution
		{AB1F30FA-3D2B-46B9-A879-1AE2A2B2F0C9}.Debug|Any CPU.ActiveCfg = Debug|x86
		{AB1F30FA-3D2B-46B9-A879-1AE2A2B2F0C9}.Debug|Mixed Platforms.ActiveCfg = Debug|x86
		{AB1F30FA-3D2B-46B9-A879-1AE2A2B2F0C9}.Debug|Mixed Platforms.Build.0 = Debug|x86
		{AB1F30FA-3D2B-46B9-A879-1AE2A2B2F0C9}.Debug|x86.ActiveCfg = Debug|x86
		{AB1F30FA-3D2B-46B9-A879-1AE2A2B2F0C9}.Debug|x86.Build.0 = Debug|x86
		{AB1F30FA-3D2B-46B9-A879-1AE2A2B2F0C9}.Release|Any CPU.ActiveCfg = Release|x86
		{AB1F30FA-3D2B-46B9-A879-1AE2A2B2F0C9}.Release|Mixed Platforms.ActiveCfg = Release|x86
		{AB1F30FA-3D2B-46B9-A879-1AE2A2B2F0C9}.Release|Mixed Platforms.Build.0 = Release|x86
		{AB1F30FA-3D2B-46B9-A879-1AE2A2B2F0C9}.Release|x86.ActiveCfg = Release|x86
		{AB1F30FA-3D2B-46B9-A879-1AE2A2B2F0C9}.Release|x86.Build.0 = Release|x86
		{9AB8234D-C013-48C9-9A0A-BB6ADA421435}.Debug|Any CPU.ActiveCfg = Debug|x86
		{9AB8234D-C013-48C9-9A0A-BB6ADA421435}.Debug|Mixed Platforms.ActiveCfg = Debug|x86
		{9AB8234D-C013-48C9-9A0A-BB6ADA421435}.Debug|Mixed Platforms.Build.0 = Debug|x86
		{9AB8234D-C013-48C9-9A0A-BB6ADA421435}.Debug|x86.ActiveCfg = Debug|x86
		{9AB8234D-C013-48C9-9A0A-BB6ADA421435}.Debug|x86.Build.0 = Debug|x86
		{9AB8234D-C013-48C9-9A0A-BB6ADA421435}.Release|Any CPU.ActiveCfg = Release|x86
		{9AB8234D-C013-48C9-9A0A-BB6ADA421435}.Release|Mixed Platforms.ActiveCfg = Release|x86
		{9AB8234D-C013-48C9-9A0A-BB6ADA421435}.Release|Mixed Platforms.Build.0 = Release|x86
		{9AB8234D-C013-48C9-9A0A-BB6ADA421435}.Release|x86.ActiveCfg = Release|x86
		{9AB8234D-C013-48C9-9A0A-BB6ADA421435}.Release|x86.Build.0 = Release|x86
		{3E7CB10E-9CD4-4832-A67C-199173E9B580}.Debug|Any CPU.ActiveCfg = Debug|Any CPU
		{3E7CB10E-9CD4-4832-A67C-199173E9B580}.Debug|Any CPU.Build.0 = Debug|Any CPU
		{3E7CB10E-9CD4-4832-A67C-199173E9B580}.Debug|Mixed Platforms.ActiveCfg = Debug|Any CPU
		{3E7CB10E-9CD4-4832-A67C-199173E9B580}.Debug|Mixed Platforms.Build.0 = Debug|Any CPU
		{3E7CB10E-9CD4-4832-A67C-199173E9B580}.Debug|x86.ActiveCfg = Debug|Any CPU
		{3E7CB10E-9CD4-4832-A67C-199173E9B580}.Release|Any CPU.ActiveCfg = Release|Any CPU
		{3E7CB10E-9CD4-4832-A67C-199173E9B580}.Release|Any CPU.Build.0 = Release|Any CPU
		{3E7CB10E-9CD4-4832-A67C-199173E9B580}.Release|Mixed Platforms.ActiveCfg = Release|Any CPU
		{3E7CB10E-9CD4-4832-A67C-199173E9B580}.Release|Mixed Platforms.Build.0 = Release|Any CPU
		{3E7CB10E-9CD4-4832-A67C-199173E9B580}.Release|x86.ActiveCfg = Release|Any CPU
		{347D2B8C-F3CC-4A62-BA4B-C4144A1E4295}.Debug|Any CPU.ActiveCfg = Debug|x86
		{347D2B8C-F3CC-4A62-BA4B-C4144A1E4295}.Debug|Mixed Platforms.ActiveCfg = Debug|x86
		{347D2B8C-F3CC-4A62-BA4B-C4144A1E4295}.Debug|Mixed Platforms.Build.0 = Debug|x86
		{347D2B8C-F3CC-4A62-BA4B-C4144A1E4295}.Debug|x86.ActiveCfg = Debug|x86
		{347D2B8C-F3CC-4A62-BA4B-C4144A1E4295}.Debug|x86.Build.0 = Debug|x86
		{347D2B8C-F3CC-4A62-BA4B-C4144A1E4295}.Release|Any CPU.ActiveCfg = Release|x86
		{347D2B8C-F3CC-4A62-BA4B-C4144A1E4295}.Release|Mixed Platforms.ActiveCfg = Release|x86
		{347D2B8C-F3CC-4A62-BA4B-C4144A1E4295}.Release|Mixed Platforms.Build.0 = Release|x86
		{347D2B8C-F3CC-4A62-BA4B-C4144A1E4295}.Release|x86.ActiveCfg = Release|x86
		{347D2B8C-F3CC-4A62-BA4B-C4144A1E4295}.Release|x86.Build.0 = Release|x86
		{0C0F05C3-755F-419E-A938-2D51FC2A2731}.Debug|Any CPU.ActiveCfg = Debug|Any CPU
		{0C0F05C3-755F-419E-A938-2D51FC2A2731}.Debug|Any CPU.Build.0 = Debug|Any CPU
		{0C0F05C3-755F-419E-A938-2D51FC2A2731}.Debug|Mixed Platforms.ActiveCfg = Debug|Any CPU
		{0C0F05C3-755F-419E-A938-2D51FC2A2731}.Debug|Mixed Platforms.Build.0 = Debug|Any CPU
		{0C0F05C3-755F-419E-A938-2D51FC2A2731}.Debug|x86.ActiveCfg = Debug|Any CPU
		{0C0F05C3-755F-419E-A938-2D51FC2A2731}.Release|Any CPU.ActiveCfg = Release|Any CPU
		{0C0F05C3-755F-419E-A938-2D51FC2A2731}.Release|Any CPU.Build.0 = Release|Any CPU
		{0C0F05C3-755F-419E-A938-2D51FC2A2731}.Release|Mixed Platforms.ActiveCfg = Release|Any CPU
		{0C0F05C3-755F-419E-A938-2D51FC2A2731}.Release|Mixed Platforms.Build.0 = Release|Any CPU
		{0C0F05C3-755F-419E-A938-2D51FC2A2731}.Release|x86.ActiveCfg = Release|Any CPU
		{6B584DEE-CBD1-45C2-9A01-81DB4C7A5B2A}.Debug|Any CPU.ActiveCfg = Debug|Any CPU
		{6B584DEE-CBD1-45C2-9A01-81DB4C7A5B2A}.Debug|Any CPU.Build.0 = Debug|Any CPU
		{6B584DEE-CBD1-45C2-9A01-81DB4C7A5B2A}.Debug|Mixed Platforms.ActiveCfg = Debug|Any CPU
		{6B584DEE-CBD1-45C2-9A01-81DB4C7A5B2A}.Debug|Mixed Platforms.Build.0 = Debug|Any CPU
		{6B584DEE-CBD1-45C2-9A01-81DB4C7A5B2A}.Debug|x86.ActiveCfg = Debug|Any CPU
		{6B584DEE-CBD1-45C2-9A01-81DB4C7A5B2A}.Release|Any CPU.ActiveCfg = Release|Any CPU
		{6B584DEE-CBD1-45C2-9A01-81DB4C7A5B2A}.Release|Any CPU.Build.0 = Release|Any CPU
		{6B584DEE-CBD1-45C2-9A01-81DB4C7A5B2A}.Release|Mixed Platforms.ActiveCfg = Release|Any CPU
		{6B584DEE-CBD1-45C2-9A01-81DB4C7A5B2A}.Release|Mixed Platforms.Build.0 = Release|Any CPU
		{6B584DEE-CBD1-45C2-9A01-81DB4C7A5B2A}.Release|x86.ActiveCfg = Release|Any CPU
		{985D702A-47BA-4319-B7CB-6DCE971CADBE}.Debug|Any CPU.ActiveCfg = Debug|Any CPU
		{985D702A-47BA-4319-B7CB-6DCE971CADBE}.Debug|Any CPU.Build.0 = Debug|Any CPU
		{985D702A-47BA-4319-B7CB-6DCE971CADBE}.Debug|Mixed Platforms.ActiveCfg = Debug|Any CPU
		{985D702A-47BA-4319-B7CB-6DCE971CADBE}.Debug|Mixed Platforms.Build.0 = Debug|Any CPU
		{985D702A-47BA-4319-B7CB-6DCE971CADBE}.Debug|x86.ActiveCfg = Debug|Any CPU
		{985D702A-47BA-4319-B7CB-6DCE971CADBE}.Release|Any CPU.ActiveCfg = Release|Any CPU
		{985D702A-47BA-4319-B7CB-6DCE971CADBE}.Release|Any CPU.Build.0 = Release|Any CPU
		{985D702A-47BA-4319-B7CB-6DCE971CADBE}.Release|Mixed Platforms.ActiveCfg = Release|Any CPU
		{985D702A-47BA-4319-B7CB-6DCE971CADBE}.Release|Mixed Platforms.Build.0 = Release|Any CPU
		{985D702A-47BA-4319-B7CB-6DCE971CADBE}.Release|x86.ActiveCfg = Release|Any CPU
		{3BEF9DCC-C4AE-41EB-9590-96AA96CD3269}.Debug|Any CPU.ActiveCfg = Debug|x86
		{3BEF9DCC-C4AE-41EB-9590-96AA96CD3269}.Debug|Mixed Platforms.ActiveCfg = Debug|x86
		{3BEF9DCC-C4AE-41EB-9590-96AA96CD3269}.Debug|Mixed Platforms.Build.0 = Debug|x86
		{3BEF9DCC-C4AE-41EB-9590-96AA96CD3269}.Debug|x86.ActiveCfg = Debug|x86
		{3BEF9DCC-C4AE-41EB-9590-96AA96CD3269}.Debug|x86.Build.0 = Debug|x86
		{3BEF9DCC-C4AE-41EB-9590-96AA96CD3269}.Release|Any CPU.ActiveCfg = Release|x86
		{3BEF9DCC-C4AE-41EB-9590-96AA96CD3269}.Release|Mixed Platforms.ActiveCfg = Release|x86
		{3BEF9DCC-C4AE-41EB-9590-96AA96CD3269}.Release|Mixed Platforms.Build.0 = Release|x86
		{3BEF9DCC-C4AE-41EB-9590-96AA96CD3269}.Release|x86.ActiveCfg = Release|x86
		{3BEF9DCC-C4AE-41EB-9590-96AA96CD3269}.Release|x86.Build.0 = Release|x86
		{2D3C3E2C-2CBA-4449-819D-97EB86CE732D}.Debug|Any CPU.ActiveCfg = Debug|x86
		{2D3C3E2C-2CBA-4449-819D-97EB86CE732D}.Debug|Mixed Platforms.ActiveCfg = Debug|x86
		{2D3C3E2C-2CBA-4449-819D-97EB86CE732D}.Debug|Mixed Platforms.Build.0 = Debug|x86
		{2D3C3E2C-2CBA-4449-819D-97EB86CE732D}.Debug|x86.ActiveCfg = Debug|x86
		{2D3C3E2C-2CBA-4449-819D-97EB86CE732D}.Debug|x86.Build.0 = Debug|x86
		{2D3C3E2C-2CBA-4449-819D-97EB86CE732D}.Release|Any CPU.ActiveCfg = Release|x86
		{2D3C3E2C-2CBA-4449-819D-97EB86CE732D}.Release|Mixed Platforms.ActiveCfg = Release|x86
		{2D3C3E2C-2CBA-4449-819D-97EB86CE732D}.Release|Mixed Platforms.Build.0 = Release|x86
		{2D3C3E2C-2CBA-4449-819D-97EB86CE732D}.Release|x86.ActiveCfg = Release|x86
		{2D3C3E2C-2CBA-4449-819D-97EB86CE732D}.Release|x86.Build.0 = Release|x86
	EndGlobalSection
	GlobalSection(SolutionProperties) = preSolution
		HideSolutionNode = FALSE
	EndGlobalSection
	GlobalSection(NestedProjects) = preSolution
		{347D2B8C-F3CC-4A62-BA4B-C4144A1E4295} = {FBD18135-C80B-48EC-AD78-432D7417EA2A}
		{0C0F05C3-755F-419E-A938-2D51FC2A2731} = {FBD18135-C80B-48EC-AD78-432D7417EA2A}
		{6B584DEE-CBD1-45C2-9A01-81DB4C7A5B2A} = {FBD18135-C80B-48EC-AD78-432D7417EA2A}
		{985D702A-47BA-4319-B7CB-6DCE971CADBE} = {FBD18135-C80B-48EC-AD78-432D7417EA2A}
	EndGlobalSection
EndGlobal
