
Microsoft Visual Studio Solution File, Format Version 11.00
# Visual Studio 2010
Project("{FAE04EC0-301F-11D3-BF4B-00C04F79EFBC}") = "EventAggregationExplore", "EventAggregationExplore\EventAggregationExplore.csproj", "{AB1F30FA-3D2B-46B9-A879-1AE2A2B2F0C9}"
EndProject
Project("{FAE04EC0-301F-11D3-BF4B-00C04F79EFBC}") = "DynamicToolBoxExplore", "DynamicToolBoxExplore\DynamicToolBoxExplore.csproj", "{9AB8234D-C013-48C9-9A0A-BB6ADA421435}"
EndProject
Project("{FAE04EC0-301F-11D3-BF4B-00C04F79EFBC}") = "DynamicToolBoxExploreTests", "DynamicToolBoxExploreTests\DynamicToolBoxExploreTests.csproj", "{3E7CB10E-9CD4-4832-A67C-199173E9B580}"
EndProject
Project("{2150E333-8FDC-42A3-9474-1A3956D46DE8}") = "Solution Items", "Solution Items", "{0D65208C-2BF4-4D9C-98F9-B99ABEC68A86}"
	ProjectSection(SolutionItems) = preProject
		Local.testsettings = Local.testsettings
		PrismExplore.vsmdi = PrismExplore.vsmdi
		TraceAndTestImpact.testsettings = TraceAndTestImpact.testsettings
	EndProjectSection
EndProject
Project("{FAE04EC0-301F-11D3-BF4B-00C04F79EFBC}") = "MessengerExpore", "MessengerExpore\MessengerExpore.csproj", "{347D2B8C-F3CC-4A62-BA4B-C4144A1E4295}"
EndProject
Project("{2150E333-8FDC-42A3-9474-1A3956D46DE8}") = "MessengerExplore", "MessengerExplore", "{FBD18135-C80B-48EC-AD78-432D7417EA2A}"
EndProject
Project("{FAE04EC0-301F-11D3-BF4B-00C04F79EFBC}") = "MessengerControlPanel", "MessengerControlPanel\MessengerControlPanel.csproj", "{0C0F05C3-755F-419E-A938-2D51FC2A2731}"
EndProject
Project("{FAE04EC0-301F-11D3-BF4B-00C04F79EFBC}") = "MessengerViewer", "MessengerViewer\MessengerViewer.csproj", "{6B584DEE-CBD1-45C2-9A01-81DB4C7A5B2A}"
EndProject
Project("{FAE04EC0-301F-11D3-BF4B-00C04F79EFBC}") = "MessengerChannel", "MessengerChannel\MessengerChannel.csproj", "{985D702A-47BA-4319-B7CB-6DCE971CADBE}"
EndProject
Project("{FAE04EC0-301F-11D3-BF4B-00C04F79EFBC}") = "PrerequisiteImportExplore", "PrerequisiteImportExplore\PrerequisiteImportExplore.csproj", "{3BEF9DCC-C4AE-41EB-9590-96AA96CD3269}"
EndProject
Project("{FAE04EC0-301F-11D3-BF4B-00C04F79EFBC}") = "MultiInstanceImportExplore", "MultiInstanceImportExplore\MultiInstanceImportExplore.csproj", "{2D3C3E2C-2CBA-4449-819D-97EB86CE732D}"
EndProject
Project("{FAE04EC0-301F-11D3-BF4B-00C04F79EFBC}") = "ExportInheritanceExplore", "ExportInheritanceExplore\ExportInheritanceExplore.csproj", "{D9982492-2128-4817-B714-18A5B2C34680}"
EndProject
Project("{2150E333-8FDC-42A3-9474-1A3956D46DE8}") = "CompositionExplore", "CompositionExplore", "{1BDD597C-156E-4DCE-9FAA-10B95BB96591}"
EndProject
Project("{FAE04EC0-301F-11D3-BF4B-00C04F79EFBC}") = "CompositionExplore", "CompositionExplore\CompositionExplore.csproj", "{B3E6758E-727F-4E15-81DE-D35BF9F0897C}"
EndProject
Project("{FAE04EC0-301F-11D3-BF4B-00C04F79EFBC}") = "Exporters", "Exporters\Exporters.csproj", "{DEBD20CD-FD06-48E8-84CB-4BB1CCF63757}"
EndProject
Project("{FAE04EC0-301F-11D3-BF4B-00C04F79EFBC}") = "Importers", "Importers\Importers.csproj", "{FF285803-FAE1-4664-8C5B-FE23442C72C3}"
EndProject
Project("{FAE04EC0-301F-11D3-BF4B-00C04F79EFBC}") = "Interfaces", "Interfaces\Interfaces.csproj", "{05C96EC5-CF3B-42D4-80BF-783A30CB2034}"
EndProject
Global
	GlobalSection(TestCaseManagementSettings) = postSolution
		CategoryFile = PrismExplore.vsmdi
	EndGlobalSection
	GlobalSection(SolutionConfigurationPlatforms) = preSolution
		Debug|Any CPU = Debug|Any CPU
		Release|Any CPU = Release|Any CPU
	EndGlobalSection
	GlobalSection(ProjectConfigurationPlatforms) = postSolution
		{AB1F30FA-3D2B-46B9-A879-1AE2A2B2F0C9}.Debug|Any CPU.ActiveCfg = Debug|Any CPU
		{AB1F30FA-3D2B-46B9-A879-1AE2A2B2F0C9}.Release|Any CPU.ActiveCfg = Release|Any CPU
		{AB1F30FA-3D2B-46B9-A879-1AE2A2B2F0C9}.Release|Any CPU.Build.0 = Release|Any CPU
		{9AB8234D-C013-48C9-9A0A-BB6ADA421435}.Debug|Any CPU.ActiveCfg = Debug|Any CPU
		{9AB8234D-C013-48C9-9A0A-BB6ADA421435}.Release|Any CPU.ActiveCfg = Release|Any CPU
		{9AB8234D-C013-48C9-9A0A-BB6ADA421435}.Release|Any CPU.Build.0 = Release|Any CPU
		{3E7CB10E-9CD4-4832-A67C-199173E9B580}.Debug|Any CPU.ActiveCfg = Debug|Any CPU
		{3E7CB10E-9CD4-4832-A67C-199173E9B580}.Debug|Any CPU.Build.0 = Debug|Any CPU
		{3E7CB10E-9CD4-4832-A67C-199173E9B580}.Release|Any CPU.ActiveCfg = Release|Any CPU
		{3E7CB10E-9CD4-4832-A67C-199173E9B580}.Release|Any CPU.Build.0 = Release|Any CPU
		{347D2B8C-F3CC-4A62-BA4B-C4144A1E4295}.Debug|Any CPU.ActiveCfg = Debug|Any CPU
		{347D2B8C-F3CC-4A62-BA4B-C4144A1E4295}.Release|Any CPU.ActiveCfg = Release|Any CPU
		{347D2B8C-F3CC-4A62-BA4B-C4144A1E4295}.Release|Any CPU.Build.0 = Release|Any CPU
		{0C0F05C3-755F-419E-A938-2D51FC2A2731}.Debug|Any CPU.ActiveCfg = Debug|Any CPU
		{0C0F05C3-755F-419E-A938-2D51FC2A2731}.Debug|Any CPU.Build.0 = Debug|Any CPU
		{0C0F05C3-755F-419E-A938-2D51FC2A2731}.Release|Any CPU.ActiveCfg = Release|Any CPU
		{0C0F05C3-755F-419E-A938-2D51FC2A2731}.Release|Any CPU.Build.0 = Release|Any CPU
		{6B584DEE-CBD1-45C2-9A01-81DB4C7A5B2A}.Debug|Any CPU.ActiveCfg = Debug|Any CPU
		{6B584DEE-CBD1-45C2-9A01-81DB4C7A5B2A}.Debug|Any CPU.Build.0 = Debug|Any CPU
		{6B584DEE-CBD1-45C2-9A01-81DB4C7A5B2A}.Release|Any CPU.ActiveCfg = Release|Any CPU
		{6B584DEE-CBD1-45C2-9A01-81DB4C7A5B2A}.Release|Any CPU.Build.0 = Release|Any CPU
		{985D702A-47BA-4319-B7CB-6DCE971CADBE}.Debug|Any CPU.ActiveCfg = Debug|Any CPU
		{985D702A-47BA-4319-B7CB-6DCE971CADBE}.Debug|Any CPU.Build.0 = Debug|Any CPU
		{985D702A-47BA-4319-B7CB-6DCE971CADBE}.Release|Any CPU.ActiveCfg = Release|Any CPU
		{985D702A-47BA-4319-B7CB-6DCE971CADBE}.Release|Any CPU.Build.0 = Release|Any CPU
		{3BEF9DCC-C4AE-41EB-9590-96AA96CD3269}.Debug|Any CPU.ActiveCfg = Debug|Any CPU
		{3BEF9DCC-C4AE-41EB-9590-96AA96CD3269}.Release|Any CPU.ActiveCfg = Release|Any CPU
		{3BEF9DCC-C4AE-41EB-9590-96AA96CD3269}.Release|Any CPU.Build.0 = Release|Any CPU
		{2D3C3E2C-2CBA-4449-819D-97EB86CE732D}.Debug|Any CPU.ActiveCfg = Debug|Any CPU
		{2D3C3E2C-2CBA-4449-819D-97EB86CE732D}.Release|Any CPU.ActiveCfg = Release|Any CPU
		{2D3C3E2C-2CBA-4449-819D-97EB86CE732D}.Release|Any CPU.Build.0 = Release|Any CPU
		{D9982492-2128-4817-B714-18A5B2C34680}.Debug|Any CPU.ActiveCfg = Debug|Any CPU
		{D9982492-2128-4817-B714-18A5B2C34680}.Release|Any CPU.ActiveCfg = Release|Any CPU
		{D9982492-2128-4817-B714-18A5B2C34680}.Release|Any CPU.Build.0 = Release|Any CPU
		{B3E6758E-727F-4E15-81DE-D35BF9F0897C}.Debug|Any CPU.ActiveCfg = Debug|Any CPU
		{B3E6758E-727F-4E15-81DE-D35BF9F0897C}.Release|Any CPU.ActiveCfg = Release|x86
		{DEBD20CD-FD06-48E8-84CB-4BB1CCF63757}.Debug|Any CPU.ActiveCfg = Debug|Any CPU
		{DEBD20CD-FD06-48E8-84CB-4BB1CCF63757}.Debug|Any CPU.Build.0 = Debug|Any CPU
		{DEBD20CD-FD06-48E8-84CB-4BB1CCF63757}.Release|Any CPU.ActiveCfg = Release|Any CPU
		{DEBD20CD-FD06-48E8-84CB-4BB1CCF63757}.Release|Any CPU.Build.0 = Release|Any CPU
		{FF285803-FAE1-4664-8C5B-FE23442C72C3}.Debug|Any CPU.ActiveCfg = Debug|Any CPU
		{FF285803-FAE1-4664-8C5B-FE23442C72C3}.Debug|Any CPU.Build.0 = Debug|Any CPU
		{FF285803-FAE1-4664-8C5B-FE23442C72C3}.Release|Any CPU.ActiveCfg = Release|Any CPU
		{FF285803-FAE1-4664-8C5B-FE23442C72C3}.Release|Any CPU.Build.0 = Release|Any CPU
		{05C96EC5-CF3B-42D4-80BF-783A30CB2034}.Debug|Any CPU.ActiveCfg = Debug|Any CPU
		{05C96EC5-CF3B-42D4-80BF-783A30CB2034}.Debug|Any CPU.Build.0 = Debug|Any CPU
		{05C96EC5-CF3B-42D4-80BF-783A30CB2034}.Release|Any CPU.ActiveCfg = Release|Any CPU
		{05C96EC5-CF3B-42D4-80BF-783A30CB2034}.Release|Any CPU.Build.0 = Release|Any CPU
	EndGlobalSection
	GlobalSection(SolutionProperties) = preSolution
		HideSolutionNode = FALSE
	EndGlobalSection
	GlobalSection(NestedProjects) = preSolution
		{347D2B8C-F3CC-4A62-BA4B-C4144A1E4295} = {FBD18135-C80B-48EC-AD78-432D7417EA2A}
		{0C0F05C3-755F-419E-A938-2D51FC2A2731} = {FBD18135-C80B-48EC-AD78-432D7417EA2A}
		{6B584DEE-CBD1-45C2-9A01-81DB4C7A5B2A} = {FBD18135-C80B-48EC-AD78-432D7417EA2A}
		{985D702A-47BA-4319-B7CB-6DCE971CADBE} = {FBD18135-C80B-48EC-AD78-432D7417EA2A}
		{B3E6758E-727F-4E15-81DE-D35BF9F0897C} = {1BDD597C-156E-4DCE-9FAA-10B95BB96591}
		{DEBD20CD-FD06-48E8-84CB-4BB1CCF63757} = {1BDD597C-156E-4DCE-9FAA-10B95BB96591}
		{FF285803-FAE1-4664-8C5B-FE23442C72C3} = {1BDD597C-156E-4DCE-9FAA-10B95BB96591}
		{05C96EC5-CF3B-42D4-80BF-783A30CB2034} = {1BDD597C-156E-4DCE-9FAA-10B95BB96591}
	EndGlobalSection
EndGlobal
