
Microsoft Visual Studio Solution File, Format Version 11.00
# Visual Studio 2010
Project("{FAE04EC0-301F-11D3-BF4B-00C04F79EFBC}") = "EventAggregationExplore", "EventAggregationExplore\EventAggregationExplore.csproj", "{AB1F30FA-3D2B-46B9-A879-1AE2A2B2F0C9}"
EndProject
Project("{FAE04EC0-301F-11D3-BF4B-00C04F79EFBC}") = "DynamicToolBoxExplore", "DynamicToolBoxExplore\DynamicToolBoxExplore.csproj", "{9AB8234D-C013-48C9-9A0A-BB6ADA421435}"
EndProject
Global
	GlobalSection(SolutionConfigurationPlatforms) = preSolution
		Debug|x86 = Debug|x86
		Release|x86 = Release|x86
	EndGlobalSection
	GlobalSection(ProjectConfigurationPlatforms) = postSolution
		{AB1F30FA-3D2B-46B9-A879-1AE2A2B2F0C9}.Debug|x86.ActiveCfg = Debug|x86
		{AB1F30FA-3D2B-46B9-A879-1AE2A2B2F0C9}.Debug|x86.Build.0 = Debug|x86
		{AB1F30FA-3D2B-46B9-A879-1AE2A2B2F0C9}.Release|x86.ActiveCfg = Release|x86
		{AB1F30FA-3D2B-46B9-A879-1AE2A2B2F0C9}.Release|x86.Build.0 = Release|x86
		{9AB8234D-C013-48C9-9A0A-BB6ADA421435}.Debug|x86.ActiveCfg = Debug|x86
		{9AB8234D-C013-48C9-9A0A-BB6ADA421435}.Debug|x86.Build.0 = Debug|x86
		{9AB8234D-C013-48C9-9A0A-BB6ADA421435}.Release|x86.ActiveCfg = Release|x86
		{9AB8234D-C013-48C9-9A0A-BB6ADA421435}.Release|x86.Build.0 = Release|x86
	EndGlobalSection
	GlobalSection(SolutionProperties) = preSolution
		HideSolutionNode = FALSE
	EndGlobalSection
EndGlobal
